<Project xmlns="http://schemas.microsoft.com/developer/msbuild/2003">
  <PropertyGroup>
    <Base>True</Base>
    <AppType>Package</AppType>
    <Config Condition="'$(Config)'==''">Debug</Config>
    <FrameworkType>VCL</FrameworkType>
    <MainSource>gllIdeAutomation.dpk</MainSource>
    <Platform Condition="'$(Platform)'==''">Win64</Platform>
    <ProjectGuid>{7B3C1A64-9D2E-4F58-B0A7-6C51E9D3F204}</ProjectGuid>
    <ProjectName Condition="'$(ProjectName)'==''">gllIdeAutomation</ProjectName>
    <ProjectVersion>18.8</ProjectVersion>
    <TargetedPlatforms>3</TargetedPlatforms>
  </PropertyGroup>
  <PropertyGroup Condition="'$(Config)'=='Base' or '$(Base)'!=''">
    <Base>true</Base>
  </PropertyGroup>
  <PropertyGroup Condition="('$(Platform)'=='Win32' and '$(Base)'=='true') or '$(Base_Win32)'!=''">
    <Base_Win32>true</Base_Win32>
    <CfgParent>Base</CfgParent>
    <Base>true</Base>
  </PropertyGroup>
  <PropertyGroup Condition="('$(Platform)'=='Win64' and '$(Base)'=='true') or '$(Base_Win64)'!=''">
    <Base_Win64>true</Base_Win64>
    <CfgParent>Base</CfgParent>
    <Base>true</Base>
  </PropertyGroup>
  <PropertyGroup Condition="'$(Config)'=='Debug' or '$(Cfg_1)'!=''">
    <Cfg_1>true</Cfg_1>
    <CfgParent>Base</CfgParent>
    <Base>true</Base>
  </PropertyGroup>
  <PropertyGroup Condition="('$(Platform)'=='Win32' and '$(Cfg_1)'=='true') or '$(Cfg_1_Win32)'!=''">
    <Cfg_1_Win32>true</Cfg_1_Win32>
    <CfgParent>Cfg_1</CfgParent>
    <Cfg_1>true</Cfg_1>
    <Base>true</Base>
  </PropertyGroup>
  <PropertyGroup Condition="('$(Platform)'=='Win64' and '$(Cfg_1)'=='true') or '$(Cfg_1_Win64)'!=''">
    <Cfg_1_Win64>true</Cfg_1_Win64>
    <CfgParent>Cfg_1</CfgParent>
    <Cfg_1>true</Cfg_1>
    <Base>true</Base>
  </PropertyGroup>
  <PropertyGroup Condition="'$(Config)'=='Release' or '$(Cfg_2)'!=''">
    <Cfg_2>true</Cfg_2>
    <CfgParent>Base</CfgParent>
    <Base>true</Base>
  </PropertyGroup>
  <PropertyGroup Condition="'$(Base)'!=''">
    <SanitizedProjectName>gllIdeAutomation</SanitizedProjectName>
    <DCC_CBuilderOutput>All</DCC_CBuilderOutput>
    <DCC_DcuOutput>.\dcu\$(Platform)\$(Config)</DCC_DcuOutput>
    <DCC_Description>IDE Automation (gated by GITLAK_IDE_AUTOMATION=1)</DCC_Description>
    <DCC_Namespace>System;Xml;Data;Datasnap;Web;Soap;Vcl;Vcl.Imaging;Vcl.Touch;Vcl.Samples;Vcl.Shell;$(DCC_Namespace)</DCC_Namespace>
    <DesignOnlyPackage>true</DesignOnlyPackage>
    <GenDll>true</GenDll>
    <GenPackage>true</GenPackage>
    <VerInfo_AutoIncVersion>true</VerInfo_AutoIncVersion>
    <VerInfo_IncludeVerInfo>true</VerInfo_IncludeVerInfo>
    <VerInfo_MajorVer>1</VerInfo_MajorVer>
    <VerInfo_MinorVer>0</VerInfo_MinorVer>
    <VerInfo_Release>0</VerInfo_Release>
    <VerInfo_Build>1</VerInfo_Build>
    <VerInfo_Keys>CompanyName=GITLAK Software;FileDescription=$(MSBuildProjectName);FileVersion=1.0.0.1;InternalName=;LegalCopyright=Copyright (c) 2016-2026 Ian Branch (GITLAK Software) - MIT;LegalTrademarks=;OriginalFilename=;ProgramID=com.embarcadero.$(MSBuildProjectName);ProductName=$(MSBuildProjectName);ProductVersion=1.0.0.1;Comments=</VerInfo_Keys>
    <VerInfo_Locale>3081</VerInfo_Locale>
  </PropertyGroup>
  <PropertyGroup Condition="'$(Base_Win32)'!=''">
    <BT_BuildType>Debug</BT_BuildType>
    <DCC_Namespace>Winapi;System.Win;Data.Win;Datasnap.Win;Web.Win;Soap.Win;Xml.Win;Bde;$(DCC_Namespace)</DCC_Namespace>
    <DCC_UsePackage>vcl;rtl;$(DCC_UsePackage)</DCC_UsePackage>
  </PropertyGroup>
  <PropertyGroup Condition="'$(Base_Win64)'!=''">
    <BT_BuildType>Debug</BT_BuildType>
    <DCC_Namespace>Winapi;System.Win;Data.Win;Datasnap.Win;Web.Win;Soap.Win;Xml.Win;$(DCC_Namespace)</DCC_Namespace>
    <DCC_UsePackage>vcl;rtl;$(DCC_UsePackage)</DCC_UsePackage>
  </PropertyGroup>
  <PropertyGroup Condition="'$(Cfg_1)'!=''">
    <DCC_DebugDCUs>true</DCC_DebugDCUs>
    <DCC_DebugInfoInExe>true</DCC_DebugInfoInExe>
    <DCC_Define>DEBUG;$(DCC_Define)</DCC_Define>
    <DCC_GenerateStackFrames>true</DCC_GenerateStackFrames>
    <DCC_Optimize>false</DCC_Optimize>
    <DCC_RemoteDebug>true</DCC_RemoteDebug>
  </PropertyGroup>
  <PropertyGroup Condition="'$(Cfg_1_Win32)'!=''">
    <DCC_RemoteDebug>false</DCC_RemoteDebug>
  </PropertyGroup>
  <PropertyGroup Condition="'$(Cfg_1_Win64)'!=''">
    <DCC_RemoteDebug>false</DCC_RemoteDebug>
    <VerInfo_Build>1</VerInfo_Build>
    <VerInfo_Keys>CompanyName=GITLAK Software;FileDescription=gllIdeAutomation;FileVersion=1.0.0.1;InternalName=;LegalCopyright=Copyright (c) 2016-2026 Ian Branch (GITLAK Software) - MIT;LegalTrademarks=;OriginalFilename=;ProgramID=com.embarcadero.gllIdeAutomation;ProductName=gllIdeAutomation;ProductVersion=1.0.0.1;Comments=</VerInfo_Keys>
  </PropertyGroup>
  <PropertyGroup Condition="'$(Cfg_2)'!=''">
    <DCC_DebugInformation>0</DCC_DebugInformation>
    <DCC_Define>RELEASE;$(DCC_Define)</DCC_Define>
    <DCC_LocalDebugSymbols>false</DCC_LocalDebugSymbols>
    <DCC_SymbolReferenceInfo>0</DCC_SymbolReferenceInfo>
  </PropertyGroup>
  <ItemGroup>
    <DelphiCompile Include="$(MainSource)">
      <MainSource>MainSource</MainSource>
    </DelphiCompile>
    <DCCReference Include="rtl.dcp" />
    <DCCReference Include="vcl.dcp" />
    <DCCReference Include="vclimg.dcp" />
    <DCCReference Include="dbrtl.dcp" />
    <DCCReference Include="IndySystem.dcp" />
    <DCCReference Include="IndyCore.dcp" />
    <DCCReference Include="src\gllIdeAutomation.Server.pas" />
    <DCCReference Include="src\gllIdeAutomation.Starter.pas" />
    <BuildConfiguration Include="Base">
      <Key>Base</Key>
    </BuildConfiguration>
    <BuildConfiguration Include="Debug">
      <Key>Cfg_1</Key>
      <CfgParent>Base</CfgParent>
    </BuildConfiguration>
    <BuildConfiguration Include="Release">
      <Key>Cfg_2</Key>
      <CfgParent>Base</CfgParent>
    </BuildConfiguration>
  </ItemGroup>
  <ProjectExtensions>
    <Borland.Personality>Delphi.Personality.12</Borland.Personality>
    <Borland.ProjectType>Package</Borland.ProjectType>
    <BorlandProject>
      <Delphi.Personality>
        <Source>
          <Source Name="MainSource">gllIdeAutomation.dpk</Source>
        </Source>
      </Delphi.Personality>
    </BorlandProject>
  </ProjectExtensions>
  <Import Project="$(BDS)\Bin\CodeGear.Delphi.Targets" Condition="Exists('$(BDS)\Bin\CodeGear.Delphi.Targets')" />
  <Import Project="$(APPDATA)\Embarcadero\$(BDSAPPDATABASEDIR)\$(PRODUCTVERSION)\UserTools.proj" Condition="Exists('$(APPDATA)\Embarcadero\$(BDSAPPDATABASEDIR)\$(PRODUCTVERSION)\UserTools.proj')" />
</Project>